{
  "nodes": {
    "flakeNimbleLib": {
      "inputs": {
        "nixpkgs": [
          "nixpkgs"
        ]
      },
      "locked": {
        "lastModified": 1662018438,
        "narHash": "sha256-QtNtU6+LX3Wokxf0zlFwKTFOcn6TeDjKQZ+DA9OYtvM=",
        "owner": "riinr",
        "repo": "nim-flakes-lib",
        "rev": "b1fe8340736e3a85d25c709ac3dfd82a55c03cbf",
        "type": "github"
      },
      "original": {
        "owner": "riinr",
        "ref": "master",
        "repo": "nim-flakes-lib",
        "type": "github"
      }
    },
    "nixpkgs": {
      "locked": {
        "lastModified": 1667110639,
        "narHash": "sha256-4FbPESZ5LbqQxkJJJBAfk/zKgF9h/4kyUwjjpJwYlbc=",
        "owner": "NixOS",
        "repo": "nixpkgs",
        "rev": "f38a1f04d1bec1feb61fd101a0539ae2002a7087",
        "type": "github"
      },
      "original": {
        "id": "nixpkgs",
        "type": "indirect"
      }
    },
    "root": {
      "inputs": {
        "flakeNimbleLib": "flakeNimbleLib",
        "nixpkgs": "nixpkgs",
        "siphash-master": "siphash-master",
        "siphash-v0_1_0": "siphash-v0_1_0"
      }
    },
    "siphash-master": {
      "inputs": {
        "flakeNimbleLib": [
          "flakeNimbleLib"
        ],
        "nixpkgs": [
          "nixpkgs"
        ],
        "src-siphash-master": "src-siphash-master"
      },
      "locked": {
        "dir": "master",
        "lastModified": 1662254825,
        "narHash": "sha256-jB/QOrMPfqjDuBE3VMYa2aKYlb3M+MrhH9mKlFE7O/s=",
        "owner": "nim-nix-pkgs",
        "repo": "siphash",
        "rev": "6a7fa5329c6bee26f9b69bd154c7c7f8036f9dd7",
        "type": "github"
      },
      "original": {
        "dir": "master",
        "owner": "nim-nix-pkgs",
        "ref": "master",
        "repo": "siphash",
        "type": "github"
      }
    },
    "siphash-v0_1_0": {
      "inputs": {
        "flakeNimbleLib": [
          "flakeNimbleLib"
        ],
        "nixpkgs": [
          "nixpkgs"
        ],
        "src-siphash-v0_1_0": "src-siphash-v0_1_0"
      },
      "locked": {
        "dir": "v0_1_0",
        "lastModified": 1662254825,
        "narHash": "sha256-jB/QOrMPfqjDuBE3VMYa2aKYlb3M+MrhH9mKlFE7O/s=",
        "owner": "nim-nix-pkgs",
        "repo": "siphash",
        "rev": "6a7fa5329c6bee26f9b69bd154c7c7f8036f9dd7",
        "type": "github"
      },
      "original": {
        "dir": "v0_1_0",
        "owner": "nim-nix-pkgs",
        "ref": "master",
        "repo": "siphash",
        "type": "github"
      }
    },
    "src-siphash-master": {
      "flake": false,
      "locked": {
        "lastModified": 1543238655,
        "narHash": "sha256-hAuTna8S7qr6amEPxd8qPqxYzGxdmZVsvYg/P9monfw=",
        "owner": "~ehmry",
        "repo": "nim_siphash",
        "rev": "c3115ebb6ce137ea31e4a7b5004eaa1fa263c15e",
        "type": "sourcehut"
      },
      "original": {
        "owner": "~ehmry",
        "ref": "master",
        "repo": "nim_siphash",
        "type": "sourcehut"
      }
    },
    "src-siphash-v0_1_0": {
      "flake": false,
      "locked": {
        "lastModified": 1543238655,
        "narHash": "sha256-hAuTna8S7qr6amEPxd8qPqxYzGxdmZVsvYg/P9monfw=",
        "owner": "~ehmry",
        "repo": "nim_siphash",
        "rev": "c3115ebb6ce137ea31e4a7b5004eaa1fa263c15e",
        "type": "sourcehut"
      },
      "original": {
        "owner": "~ehmry",
        "ref": "v0.1.0",
        "repo": "nim_siphash",
        "type": "sourcehut"
      }
    }
  },
  "root": "root",
  "version": 7
}
